
Microsoft Visual Studio Solution File, Format Version 12.00
# Visual Studio Version 17
VisualStudioVersion = 17.0.31903.59
MinimumVisualStudioVersion = 10.0.40219.1
Project("{FAE04EC0-301F-11D3-BF4B-00C04F79EFBC}") = "GenerateHelperLibraries", "GenerateHelperLibraries.csproj", "{E1EF08A1-E8D3-4E43-A2F1-3CA63B70EB1D}"
EndProject
Global
	GlobalSection(SolutionConfigurationPlatforms) = preSolution
		Debug|Any CPU = Debug|Any CPU
		Release|Any CPU = Release|Any CPU
	EndGlobalSection
	GlobalSection(ProjectConfigurationPlatforms) = postSolution
		{E1EF08A1-E8D3-4E43-A2F1-3CA63B70EB1D}.Debug|Any CPU.ActiveCfg = Debug|Any CPU
		{E1EF08A1-E8D3-4E43-A2F1-3CA63B70EB1D}.Debug|Any CPU.Build.0 = Debug|Any CPU
		{E1EF08A1-E8D3-4E43-A2F1-3CA63B70EB1D}.Release|Any CPU.ActiveCfg = Release|Any CPU
		{E1EF08A1-E8D3-4E43-A2F1-3CA63B70EB1D}.Release|Any CPU.Build.0 = Release|Any CPU
	EndGlobalSection
	GlobalSection(SolutionProperties) = preSolution
		HideSolutionNode = FALSE
	EndGlobalSection
	GlobalSection(ExtensibilityGlobals) = postSolution
		SolutionGuid = {96D70A6E-3736-41D0-B9C9-4FAD9C14CD11}
	EndGlobalSection
EndGlobal
